
Microsoft Visual Studio Solution File, Format Version 12.00
# Visual Studio Version 16
VisualStudioVersion = 16.0.30002.166
MinimumVisualStudioVersion = 10.0.40219.1
Project("{9A19103F-16F7-4668-BE54-9A1E7A4F7556}") = "ECommerce.Web", "ECommerce.Web\ECommerce.Web.csproj", "{1F193AF6-6E14-43A7-B3FE-D8D42E5C7F65}"
EndProject
Project("{9A19103F-16F7-4668-BE54-9A1E7A4F7556}") = "ECommerce.Data", "ECommerce.Data\ECommerce.Data.csproj", "{F745D292-7439-42BA-A99F-50F0F9A7B5BA}"
EndProject
Project("{9A19103F-16F7-4668-BE54-9A1E7A4F7556}") = "ECommerce.Service", "ECommerce.Service\ECommerce.Service.csproj", "{E6D132EC-E34B-4BFB-A0A2-2AB49428F581}"
EndProject
Project("{9A19103F-16F7-4668-BE54-9A1E7A4F7556}") = "ECommerce.Helper", "ECommerce.Helper\ECommerce.Helper.csproj", "{0CBB7114-EE71-4C75-8AFF-B26A232146FA}"
EndProject
Project("{FAE04EC0-301F-11D3-BF4B-00C04F79EFBC}") = "ECommerce.Data.DTO", "ECommerce.Data.DTO\ECommerce.Data.DTO.csproj", "{C4151A13-9841-4FD2-8DE9-4169FFD8F46F}"
EndProject
Project("{FAE04EC0-301F-11D3-BF4B-00C04F79EFBC}") = "ECommerce.Data.Enum", "ECommerce.Data.Enum\ECommerce.Data.Enum.csproj", "{16025B94-F503-4D8C-9B83-A4A3AB5E9486}"
EndProject
Global
	GlobalSection(SolutionConfigurationPlatforms) = preSolution
		Debug|Any CPU = Debug|Any CPU
		Release|Any CPU = Release|Any CPU
	EndGlobalSection
	GlobalSection(ProjectConfigurationPlatforms) = postSolution
		{1F193AF6-6E14-43A7-B3FE-D8D42E5C7F65}.Debug|Any CPU.ActiveCfg = Debug|Any CPU
		{1F193AF6-6E14-43A7-B3FE-D8D42E5C7F65}.Debug|Any CPU.Build.0 = Debug|Any CPU
		{1F193AF6-6E14-43A7-B3FE-D8D42E5C7F65}.Release|Any CPU.ActiveCfg = Release|Any CPU
		{1F193AF6-6E14-43A7-B3FE-D8D42E5C7F65}.Release|Any CPU.Build.0 = Release|Any CPU
		{F745D292-7439-42BA-A99F-50F0F9A7B5BA}.Debug|Any CPU.ActiveCfg = Debug|Any CPU
		{F745D292-7439-42BA-A99F-50F0F9A7B5BA}.Debug|Any CPU.Build.0 = Debug|Any CPU
		{F745D292-7439-42BA-A99F-50F0F9A7B5BA}.Release|Any CPU.ActiveCfg = Release|Any CPU
		{F745D292-7439-42BA-A99F-50F0F9A7B5BA}.Release|Any CPU.Build.0 = Release|Any CPU
		{E6D132EC-E34B-4BFB-A0A2-2AB49428F581}.Debug|Any CPU.ActiveCfg = Debug|Any CPU
		{E6D132EC-E34B-4BFB-A0A2-2AB49428F581}.Debug|Any CPU.Build.0 = Debug|Any CPU
		{E6D132EC-E34B-4BFB-A0A2-2AB49428F581}.Release|Any CPU.ActiveCfg = Release|Any CPU
		{E6D132EC-E34B-4BFB-A0A2-2AB49428F581}.Release|Any CPU.Build.0 = Release|Any CPU
		{0CBB7114-EE71-4C75-8AFF-B26A232146FA}.Debug|Any CPU.ActiveCfg = Debug|Any CPU
		{0CBB7114-EE71-4C75-8AFF-B26A232146FA}.Debug|Any CPU.Build.0 = Debug|Any CPU
		{0CBB7114-EE71-4C75-8AFF-B26A232146FA}.Release|Any CPU.ActiveCfg = Release|Any CPU
		{0CBB7114-EE71-4C75-8AFF-B26A232146FA}.Release|Any CPU.Build.0 = Release|Any CPU
		{C4151A13-9841-4FD2-8DE9-4169FFD8F46F}.Debug|Any CPU.ActiveCfg = Debug|Any CPU
		{C4151A13-9841-4FD2-8DE9-4169FFD8F46F}.Debug|Any CPU.Build.0 = Debug|Any CPU
		{C4151A13-9841-4FD2-8DE9-4169FFD8F46F}.Release|Any CPU.ActiveCfg = Release|Any CPU
		{C4151A13-9841-4FD2-8DE9-4169FFD8F46F}.Release|Any CPU.Build.0 = Release|Any CPU
		{16025B94-F503-4D8C-9B83-A4A3AB5E9486}.Debug|Any CPU.ActiveCfg = Debug|Any CPU
		{16025B94-F503-4D8C-9B83-A4A3AB5E9486}.Debug|Any CPU.Build.0 = Debug|Any CPU
		{16025B94-F503-4D8C-9B83-A4A3AB5E9486}.Release|Any CPU.ActiveCfg = Release|Any CPU
		{16025B94-F503-4D8C-9B83-A4A3AB5E9486}.Release|Any CPU.Build.0 = Release|Any CPU
	EndGlobalSection
	GlobalSection(SolutionProperties) = preSolution
		HideSolutionNode = FALSE
	EndGlobalSection
	GlobalSection(ExtensibilityGlobals) = postSolution
		SolutionGuid = {ACFF7801-3A4C-44CF-BC5E-75DA29887530}
	EndGlobalSection
EndGlobal
